
Microsoft Visual Studio Solution File, Format Version 12.00
# Visual Studio Version 17
VisualStudioVersion = 17.9.34728.123
MinimumVisualStudioVersion = 10.0.40219.1
Project("{FAE04EC0-301F-11D3-BF4B-00C04F79EFBC}") = "ConsoleApp3", "ConsoleApp3\ConsoleApp3.csproj", "{E5C80897-8ECE-41AD-B124-D835D0A09880}"
EndProject
Global
	GlobalSection(SolutionConfigurationPlatforms) = preSolution
		Debug|Any CPU = Debug|Any CPU
		Release|Any CPU = Release|Any CPU
	EndGlobalSection
	GlobalSection(ProjectConfigurationPlatforms) = postSolution
		{E5C80897-8ECE-41AD-B124-D835D0A09880}.Debug|Any CPU.ActiveCfg = Debug|Any CPU
		{E5C80897-8ECE-41AD-B124-D835D0A09880}.Debug|Any CPU.Build.0 = Debug|Any CPU
		{E5C80897-8ECE-41AD-B124-D835D0A09880}.Release|Any CPU.ActiveCfg = Release|Any CPU
		{E5C80897-8ECE-41AD-B124-D835D0A09880}.Release|Any CPU.Build.0 = Release|Any CPU
	EndGlobalSection
	GlobalSection(SolutionProperties) = preSolution
		HideSolutionNode = FALSE
	EndGlobalSection
	GlobalSection(ExtensibilityGlobals) = postSolution
		SolutionGuid = {BF23A8DD-F04C-4AAC-B372-C9C80B197C1B}
	EndGlobalSection
EndGlobal
